
Microsoft Visual Studio Solution File, Format Version 12.00
# Visual Studio Version 16
VisualStudioVersion = 16.0.30413.136
MinimumVisualStudioVersion = 10.0.40219.1
Project("{9A19103F-16F7-4668-BE54-9A1E7A4F7556}") = "Lesson10Cs", "Lesson10Cs\Lesson10Cs.csproj", "{1128757C-1C3A-485C-9D2E-2EFC2A94CB1D}"
EndProject
Project("{9A19103F-16F7-4668-BE54-9A1E7A4F7556}") = "Delegate", "Delefate\Delegate.csproj", "{B7617D85-39AC-4ED5-AC35-4E298A191CE4}"
EndProject
Project("{9A19103F-16F7-4668-BE54-9A1E7A4F7556}") = "ClassWorkDelegates", "ClassWorkDelegates\ClassWorkDelegates.csproj", "{40F2723F-5915-429B-988C-1CD1BD06C20C}"
EndProject
Project("{FAE04EC0-301F-11D3-BF4B-00C04F79EFBC}") = "HomeWork", "HomeWOrk\HomeWork.csproj", "{E08AA244-4D4E-4668-9ADA-4C57722272BA}"
EndProject
Global
	GlobalSection(SolutionConfigurationPlatforms) = preSolution
		Debug|Any CPU = Debug|Any CPU
		Release|Any CPU = Release|Any CPU
	EndGlobalSection
	GlobalSection(ProjectConfigurationPlatforms) = postSolution
		{1128757C-1C3A-485C-9D2E-2EFC2A94CB1D}.Debug|Any CPU.ActiveCfg = Debug|Any CPU
		{1128757C-1C3A-485C-9D2E-2EFC2A94CB1D}.Debug|Any CPU.Build.0 = Debug|Any CPU
		{1128757C-1C3A-485C-9D2E-2EFC2A94CB1D}.Release|Any CPU.ActiveCfg = Release|Any CPU
		{1128757C-1C3A-485C-9D2E-2EFC2A94CB1D}.Release|Any CPU.Build.0 = Release|Any CPU
		{B7617D85-39AC-4ED5-AC35-4E298A191CE4}.Debug|Any CPU.ActiveCfg = Debug|Any CPU
		{B7617D85-39AC-4ED5-AC35-4E298A191CE4}.Debug|Any CPU.Build.0 = Debug|Any CPU
		{B7617D85-39AC-4ED5-AC35-4E298A191CE4}.Release|Any CPU.ActiveCfg = Release|Any CPU
		{B7617D85-39AC-4ED5-AC35-4E298A191CE4}.Release|Any CPU.Build.0 = Release|Any CPU
		{40F2723F-5915-429B-988C-1CD1BD06C20C}.Debug|Any CPU.ActiveCfg = Debug|Any CPU
		{40F2723F-5915-429B-988C-1CD1BD06C20C}.Debug|Any CPU.Build.0 = Debug|Any CPU
		{40F2723F-5915-429B-988C-1CD1BD06C20C}.Release|Any CPU.ActiveCfg = Release|Any CPU
		{40F2723F-5915-429B-988C-1CD1BD06C20C}.Release|Any CPU.Build.0 = Release|Any CPU
		{E08AA244-4D4E-4668-9ADA-4C57722272BA}.Debug|Any CPU.ActiveCfg = Debug|Any CPU
		{E08AA244-4D4E-4668-9ADA-4C57722272BA}.Debug|Any CPU.Build.0 = Debug|Any CPU
		{E08AA244-4D4E-4668-9ADA-4C57722272BA}.Release|Any CPU.ActiveCfg = Release|Any CPU
		{E08AA244-4D4E-4668-9ADA-4C57722272BA}.Release|Any CPU.Build.0 = Release|Any CPU
	EndGlobalSection
	GlobalSection(SolutionProperties) = preSolution
		HideSolutionNode = FALSE
	EndGlobalSection
	GlobalSection(ExtensibilityGlobals) = postSolution
		SolutionGuid = {4039F0DA-1AA8-48EB-9C6E-6ADC39B3374F}
	EndGlobalSection
EndGlobal
